
Microsoft Visual Studio Solution File, Format Version 12.00
# Visual Studio Version 17
VisualStudioVersion = 17.13.35919.96 d17.13
MinimumVisualStudioVersion = 10.0.40219.1
Project("{FAE04EC0-301F-11D3-BF4B-00C04F79EFBC}") = "QuestPDFSampleProject", "QuestPDFSampleProject\QuestPDFSampleProject.csproj", "{802E8D36-863E-4271-AEFD-EC36665EAAFD}"
EndProject
Global
	GlobalSection(SolutionConfigurationPlatforms) = preSolution
		Debug|Any CPU = Debug|Any CPU
		Release|Any CPU = Release|Any CPU
	EndGlobalSection
	GlobalSection(ProjectConfigurationPlatforms) = postSolution
		{802E8D36-863E-4271-AEFD-EC36665EAAFD}.Debug|Any CPU.ActiveCfg = Debug|Any CPU
		{802E8D36-863E-4271-AEFD-EC36665EAAFD}.Debug|Any CPU.Build.0 = Debug|Any CPU
		{802E8D36-863E-4271-AEFD-EC36665EAAFD}.Release|Any CPU.ActiveCfg = Release|Any CPU
		{802E8D36-863E-4271-AEFD-EC36665EAAFD}.Release|Any CPU.Build.0 = Release|Any CPU
	EndGlobalSection
	GlobalSection(SolutionProperties) = preSolution
		HideSolutionNode = FALSE
	EndGlobalSection
	GlobalSection(ExtensibilityGlobals) = postSolution
		SolutionGuid = {66375EEC-24DC-44E8-8F17-DF4FC179ADDB}
	EndGlobalSection
EndGlobal
